
Microsoft Visual Studio Solution File, Format Version 12.00
# Visual Studio Version 17
VisualStudioVersion = 17.13.35806.99 d17.13
MinimumVisualStudioVersion = 10.0.40219.1
Project("{8BC9CEB8-8B4A-11D0-8D11-00A0C91BC942}") = "A. Array", "A. Array\A. Array.vcxproj", "{95856418-FE1E-4369-805D-7CD57C9C55B4}"
EndProject
Global
	GlobalSection(SolutionConfigurationPlatforms) = preSolution
		Debug|x64 = Debug|x64
		Debug|x86 = Debug|x86
		Release|x64 = Release|x64
		Release|x86 = Release|x86
	EndGlobalSection
	GlobalSection(ProjectConfigurationPlatforms) = postSolution
		{95856418-FE1E-4369-805D-7CD57C9C55B4}.Debug|x64.ActiveCfg = Debug|x64
		{95856418-FE1E-4369-805D-7CD57C9C55B4}.Debug|x64.Build.0 = Debug|x64
		{95856418-FE1E-4369-805D-7CD57C9C55B4}.Debug|x86.ActiveCfg = Debug|Win32
		{95856418-FE1E-4369-805D-7CD57C9C55B4}.Debug|x86.Build.0 = Debug|Win32
		{95856418-FE1E-4369-805D-7CD57C9C55B4}.Release|x64.ActiveCfg = Release|x64
		{95856418-FE1E-4369-805D-7CD57C9C55B4}.Release|x64.Build.0 = Release|x64
		{95856418-FE1E-4369-805D-7CD57C9C55B4}.Release|x86.ActiveCfg = Release|Win32
		{95856418-FE1E-4369-805D-7CD57C9C55B4}.Release|x86.Build.0 = Release|Win32
	EndGlobalSection
	GlobalSection(SolutionProperties) = preSolution
		HideSolutionNode = FALSE
	EndGlobalSection
	GlobalSection(ExtensibilityGlobals) = postSolution
		SolutionGuid = {99485A7C-877C-443F-95FC-9FB0A2B71732}
	EndGlobalSection
EndGlobal
