
Microsoft Visual Studio Solution File, Format Version 12.00
# Visual Studio Version 17
VisualStudioVersion = 17.12.35707.178 d17.12
MinimumVisualStudioVersion = 10.0.40219.1
Project("{8BC9CEB8-8B4A-11D0-8D11-00A0C91BC942}") = "A. Vanya and Fence", "A. Vanya and Fence\A. Vanya and Fence.vcxproj", "{B5663FC7-EC07-4C25-B2A4-82C5F9F47740}"
EndProject
Global
	GlobalSection(SolutionConfigurationPlatforms) = preSolution
		Debug|x64 = Debug|x64
		Debug|x86 = Debug|x86
		Release|x64 = Release|x64
		Release|x86 = Release|x86
	EndGlobalSection
	GlobalSection(ProjectConfigurationPlatforms) = postSolution
		{B5663FC7-EC07-4C25-B2A4-82C5F9F47740}.Debug|x64.ActiveCfg = Debug|x64
		{B5663FC7-EC07-4C25-B2A4-82C5F9F47740}.Debug|x64.Build.0 = Debug|x64
		{B5663FC7-EC07-4C25-B2A4-82C5F9F47740}.Debug|x86.ActiveCfg = Debug|Win32
		{B5663FC7-EC07-4C25-B2A4-82C5F9F47740}.Debug|x86.Build.0 = Debug|Win32
		{B5663FC7-EC07-4C25-B2A4-82C5F9F47740}.Release|x64.ActiveCfg = Release|x64
		{B5663FC7-EC07-4C25-B2A4-82C5F9F47740}.Release|x64.Build.0 = Release|x64
		{B5663FC7-EC07-4C25-B2A4-82C5F9F47740}.Release|x86.ActiveCfg = Release|Win32
		{B5663FC7-EC07-4C25-B2A4-82C5F9F47740}.Release|x86.Build.0 = Release|Win32
	EndGlobalSection
	GlobalSection(SolutionProperties) = preSolution
		HideSolutionNode = FALSE
	EndGlobalSection
EndGlobal
